{
  "nodes": {
    "arrow-adbc": {
      "inputs": {
        "flake-utils": "flake-utils",
        "nixpkgs": "nixpkgs"
      },
      "locked": {
        "lastModified": 1704280562,
        "narHash": "sha256-yESpQkaxDW/8IIpzc84nlahL4mHHypYQ+7d3iP95l8I=",
        "ref": "refs/heads/main",
        "rev": "27a2499fb4bebc492f25dc2827544429c762b747",
        "revCount": 4,
        "type": "git",
        "url": "file:///home/aljaz/Projects/arrow-adbc-nix"
      },
      "original": {
        "type": "git",
        "url": "file:///home/aljaz/Projects/arrow-adbc-nix"
      }
    },
    "arrow-nanoarrow": {
      "inputs": {
        "flake-utils": "flake-utils_2",
        "nixpkgs": "nixpkgs_2"
      },
      "locked": {
        "lastModified": 1704274931,
        "narHash": "sha256-lrFgTqQagXhsuhLQKqpxyhxujXMOsraa4dyNC1B66LM=",
        "ref": "refs/heads/main",
        "rev": "8e42d5a1f70469f6140a55bf2577b18e31ee575a",
        "revCount": 4,
        "type": "git",
        "url": "file:///home/aljaz/Projects/arrow-nanoarrow-nix"
      },
      "original": {
        "type": "git",
        "url": "file:///home/aljaz/Projects/arrow-nanoarrow-nix"
      }
    },
    "flake-utils": {
      "inputs": {
        "systems": "systems"
      },
      "locked": {
        "lastModified": 1701680307,
        "narHash": "sha256-kAuep2h5ajznlPMD9rnQyffWG8EM/C73lejGofXvdM8=",
        "owner": "numtide",
        "repo": "flake-utils",
        "rev": "4022d587cbbfd70fe950c1e2083a02621806a725",
        "type": "github"
      },
      "original": {
        "owner": "numtide",
        "repo": "flake-utils",
        "type": "github"
      }
    },
    "flake-utils_2": {
      "inputs": {
        "systems": "systems_2"
      },
      "locked": {
        "lastModified": 1701680307,
        "narHash": "sha256-kAuep2h5ajznlPMD9rnQyffWG8EM/C73lejGofXvdM8=",
        "owner": "numtide",
        "repo": "flake-utils",
        "rev": "4022d587cbbfd70fe950c1e2083a02621806a725",
        "type": "github"
      },
      "original": {
        "owner": "numtide",
        "repo": "flake-utils",
        "type": "github"
      }
    },
    "flake-utils_3": {
      "inputs": {
        "systems": "systems_3"
      },
      "locked": {
        "lastModified": 1701680307,
        "narHash": "sha256-kAuep2h5ajznlPMD9rnQyffWG8EM/C73lejGofXvdM8=",
        "owner": "numtide",
        "repo": "flake-utils",
        "rev": "4022d587cbbfd70fe950c1e2083a02621806a725",
        "type": "github"
      },
      "original": {
        "owner": "numtide",
        "repo": "flake-utils",
        "type": "github"
      }
    },
    "nixpkgs": {
      "locked": {
        "lastModified": 1702987609,
        "narHash": "sha256-m2hErow1pxz2KcpCH0LGykgf/LVy9tOkXnNOnssDBmw=",
        "owner": "nixos",
        "repo": "nixpkgs",
        "rev": "fa5e0f2ed065dd00cfa0347c1421b67da6a5a10e",
        "type": "github"
      },
      "original": {
        "owner": "nixos",
        "repo": "nixpkgs",
        "type": "github"
      }
    },
    "nixpkgs_2": {
      "locked": {
        "lastModified": 1702998770,
        "narHash": "sha256-vTkCh03PuhW6dcWS0PkTjh79f8g6NBbwX2kf4/UV58w=",
        "owner": "nixos",
        "repo": "nixpkgs",
        "rev": "63dd8e1d2e81aaecb7de9b70ca143a607b19a3b9",
        "type": "github"
      },
      "original": {
        "owner": "nixos",
        "repo": "nixpkgs",
        "type": "github"
      }
    },
    "nixpkgs_3": {
      "locked": {
        "lastModified": 1702993281,
        "narHash": "sha256-7LD9ZV16qLSVTC4MomfsKHPsx5TQdDniAuTQhVcR9AU=",
        "owner": "nixos",
        "repo": "nixpkgs",
        "rev": "6b43e4b0bc862d2e6a2ad18731ee93bcf899c93a",
        "type": "github"
      },
      "original": {
        "owner": "nixos",
        "repo": "nixpkgs",
        "type": "github"
      }
    },
    "root": {
      "inputs": {
        "arrow-adbc": "arrow-adbc",
        "arrow-nanoarrow": "arrow-nanoarrow",
        "flake-utils": "flake-utils_3",
        "nixpkgs": "nixpkgs_3"
      }
    },
    "systems": {
      "locked": {
        "lastModified": 1681028828,
        "narHash": "sha256-Vy1rq5AaRuLzOxct8nz4T6wlgyUR7zLU309k9mBC768=",
        "owner": "nix-systems",
        "repo": "default",
        "rev": "da67096a3b9bf56a91d16901293e51ba5b49a27e",
        "type": "github"
      },
      "original": {
        "owner": "nix-systems",
        "repo": "default",
        "type": "github"
      }
    },
    "systems_2": {
      "locked": {
        "lastModified": 1681028828,
        "narHash": "sha256-Vy1rq5AaRuLzOxct8nz4T6wlgyUR7zLU309k9mBC768=",
        "owner": "nix-systems",
        "repo": "default",
        "rev": "da67096a3b9bf56a91d16901293e51ba5b49a27e",
        "type": "github"
      },
      "original": {
        "owner": "nix-systems",
        "repo": "default",
        "type": "github"
      }
    },
    "systems_3": {
      "locked": {
        "lastModified": 1681028828,
        "narHash": "sha256-Vy1rq5AaRuLzOxct8nz4T6wlgyUR7zLU309k9mBC768=",
        "owner": "nix-systems",
        "repo": "default",
        "rev": "da67096a3b9bf56a91d16901293e51ba5b49a27e",
        "type": "github"
      },
      "original": {
        "owner": "nix-systems",
        "repo": "default",
        "type": "github"
      }
    }
  },
  "root": "root",
  "version": 7
}
